<?xml version="1.0" encoding="UTF-8" standalone="yes" ?>
<CodeBlocks_project_file>
	<FileVersion major="1" minor="6" />
	<Project>
		<Option title="rv8" />
		<Option pch_mode="2" />
		<Option compiler="gcc" />
		<Build>
			<Target title="Debug">
				<Option output="bin/Debug/rv8" prefix_auto="1" extension_auto="1" />
				<Option object_output="obj/Debug/" />
				<Option type="1" />
				<Option compiler="gcc" />
				<Compiler>
					<Add option="-g" />
				</Compiler>
				<Linker>
					<Add library="OgreMain_d" />
					<Add library="OIS_d" />
					<Add library="libboost_chrono-mgw47-mt-d-1_51" />
					<Add library="libboost_date_time-mgw47-mt-d-1_51" />
					<Add library="libboost_system-mgw47-mt-d-1_51" />
					<Add library="libboost_thread-mgw47-mt-d-1_51" />
				</Linker>
			</Target>
			<Target title="Release">
				<Option output="bin/Release/rv8" prefix_auto="1" extension_auto="1" />
				<Option object_output="obj/Release/" />
				<Option type="1" />
				<Option compiler="gcc" />
				<Compiler>
					<Add option="-O2" />
				</Compiler>
				<Linker>
					<Add option="-s" />
				</Linker>
			</Target>
		</Build>
		<Compiler>
			<Add option="-Wall" />
			<Add option="-mthreads" />
			<Add option="-fmessage-length=0" />
			<Add option="-fexceptions" />
			<Add option="-fident" />
			<Add option="-DWIN32" />
			<Add option="-D_WINDOWS" />
			<Add directory="$(OGRE_HOME)/include" />
			<Add directory="$(OGRE_HOME)/include/OGRE" />
			<Add directory="$(OGRE_HOME)/include/OIS" />
			<Add directory="$(OGRE_HOME)/boost" />
		</Compiler>
		<Linker>
			<Add option="-Wl,--enable-auto-image-base" />
			<Add option="-Wl,--add-stdcall-alias" />
			<Add option="-Wl,--enable-auto-import" />
			<Add directory="$(OGRE_HOME)/bin/" />
			<Add directory="$(OGRE_HOME)/bin/$(TARGET_NAME)" />
			<Add directory="$(OGRE_HOME)/boost/lib" />
		</Linker>
		<Unit filename="src/BaseApplication.cpp" />
		<Unit filename="src/BaseApplication.h" />
		<Unit filename="src/TutorialApplication.cpp" />
		<Unit filename="src/TutorialApplication.h" />
		<Extensions>
			<code_completion />
			<envvars />
			<debugger />
			<lib_finder disable_auto="1" />
		</Extensions>
	</Project>
</CodeBlocks_project_file>
